[[package]]
name = "arrayvec"
version = "0.4.7"
source = "registry+https://github.com/rust-lang/crates.io-index"
dependencies = [
 "nodrop 0.1.12 (registry+https://github.com/rust-lang/crates.io-index)",
]

[[package]]
name = "ascii"
version = "0.8.6"
source = "registry+https://github.com/rust-lang/crates.io-index"

[[package]]
name = "bit_field"
version = "0.9.0"
source = "registry+https://github.com/rust-lang/crates.io-index"

[[package]]
name = "bitflags"
version = "1.0.3"
source = "registry+https://github.com/rust-lang/crates.io-index"

[[package]]
name = "byteorder"
version = "1.2.3"
source = "registry+https://github.com/rust-lang/crates.io-index"

[[package]]
name = "cfg-if"
version = "0.1.4"
source = "registry+https://github.com/rust-lang/crates.io-index"

[[package]]
name = "color_quant"
version = "1.0.1"
source = "git+https://github.com/roblabla/color_quant#84d11b386de5730680267e7267bff4467b4490cf"

[[package]]
name = "gif"
version = "0.10.0"
source = "git+https://github.com/roblabla/image-gif#780f97f32157412d703430dfd4e87f93f198864e"
dependencies = [
 "color_quant 1.0.1 (git+https://github.com/roblabla/color_quant)",
 "lzw 0.10.0 (git+https://github.com/roblabla/lzw)",
]

[[package]]
name = "kfs-bootstrap"
version = "0.1.0"
dependencies = [
 "arrayvec 0.4.7 (registry+https://github.com/rust-lang/crates.io-index)",
 "ascii 0.8.6 (registry+https://github.com/rust-lang/crates.io-index)",
 "bit_field 0.9.0 (registry+https://github.com/rust-lang/crates.io-index)",
 "bitflags 1.0.3 (registry+https://github.com/rust-lang/crates.io-index)",
 "byteorder 1.2.3 (registry+https://github.com/rust-lang/crates.io-index)",
 "gif 0.10.0 (git+https://github.com/roblabla/image-gif)",
 "lazy_static 1.0.0 (registry+https://github.com/rust-lang/crates.io-index)",
 "linked_list_allocator 0.6.2 (registry+https://github.com/rust-lang/crates.io-index)",
 "log 0.4.2 (registry+https://github.com/rust-lang/crates.io-index)",
 "multiboot2 0.5.0 (git+https://github.com/roblabla/multiboot2-elf64)",
 "smallvec 0.6.2 (registry+https://github.com/rust-lang/crates.io-index)",
 "spin 0.4.6 (registry+https://github.com/rust-lang/crates.io-index)",
 "static_assertions 0.2.5 (registry+https://github.com/rust-lang/crates.io-index)",
 "xmas-elf 0.6.2 (registry+https://github.com/rust-lang/crates.io-index)",
]

[[package]]
name = "kfs-kernel"
version = "0.1.0"
dependencies = [
 "arrayvec 0.4.7 (registry+https://github.com/rust-lang/crates.io-index)",
 "ascii 0.8.6 (registry+https://github.com/rust-lang/crates.io-index)",
 "bit_field 0.9.0 (registry+https://github.com/rust-lang/crates.io-index)",
 "bitflags 1.0.3 (registry+https://github.com/rust-lang/crates.io-index)",
 "byteorder 1.2.3 (registry+https://github.com/rust-lang/crates.io-index)",
 "gif 0.10.0 (git+https://github.com/roblabla/image-gif)",
 "lazy_static 1.0.0 (registry+https://github.com/rust-lang/crates.io-index)",
 "linked_list_allocator 0.6.2 (registry+https://github.com/rust-lang/crates.io-index)",
 "log 0.4.2 (registry+https://github.com/rust-lang/crates.io-index)",
 "multiboot2 0.5.0 (git+https://github.com/roblabla/multiboot2-elf64)",
 "smallvec 0.6.2 (registry+https://github.com/rust-lang/crates.io-index)",
 "spin 0.4.6 (registry+https://github.com/rust-lang/crates.io-index)",
 "static_assertions 0.2.5 (registry+https://github.com/rust-lang/crates.io-index)",
 "xmas-elf 0.6.2 (registry+https://github.com/rust-lang/crates.io-index)",
]

[[package]]
name = "lazy_static"
version = "1.0.0"
source = "registry+https://github.com/rust-lang/crates.io-index"
dependencies = [
 "spin 0.4.6 (registry+https://github.com/rust-lang/crates.io-index)",
]

[[package]]
name = "linked_list_allocator"
version = "0.6.2"
source = "registry+https://github.com/rust-lang/crates.io-index"
dependencies = [
 "spin 0.4.6 (registry+https://github.com/rust-lang/crates.io-index)",
]

[[package]]
name = "log"
version = "0.4.2"
source = "registry+https://github.com/rust-lang/crates.io-index"
dependencies = [
 "cfg-if 0.1.4 (registry+https://github.com/rust-lang/crates.io-index)",
]

[[package]]
name = "lzw"
version = "0.10.0"
source = "git+https://github.com/roblabla/lzw#9f529267b1e8aa659a43d9444bc8257cd88998d8"

[[package]]
name = "multiboot2"
version = "0.5.0"
source = "git+https://github.com/roblabla/multiboot2-elf64#cd80fd726914b0abe8c45a819d52ffbf5f0b0092"
dependencies = [
 "bitflags 1.0.3 (registry+https://github.com/rust-lang/crates.io-index)",
]

[[package]]
name = "nodrop"
version = "0.1.12"
source = "registry+https://github.com/rust-lang/crates.io-index"

[[package]]
name = "smallvec"
version = "0.6.2"
source = "registry+https://github.com/rust-lang/crates.io-index"

[[package]]
name = "spin"
version = "0.4.6"
source = "registry+https://github.com/rust-lang/crates.io-index"

[[package]]
name = "static_assertions"
version = "0.2.5"
source = "registry+https://github.com/rust-lang/crates.io-index"

[[package]]
name = "xmas-elf"
version = "0.6.2"
source = "registry+https://github.com/rust-lang/crates.io-index"
dependencies = [
 "zero 0.1.2 (registry+https://github.com/rust-lang/crates.io-index)",
]

[[package]]
name = "zero"
version = "0.1.2"
source = "registry+https://github.com/rust-lang/crates.io-index"

[metadata]
"checksum arrayvec 0.4.7 (registry+https://github.com/rust-lang/crates.io-index)" = "a1e964f9e24d588183fcb43503abda40d288c8657dfc27311516ce2f05675aef"
"checksum ascii 0.8.6 (registry+https://github.com/rust-lang/crates.io-index)" = "d67407714c5e17931b2cab487cfc68346ee4f8f87bb59fc49336103edaf36d24"
"checksum bit_field 0.9.0 (registry+https://github.com/rust-lang/crates.io-index)" = "ed8765909f9009617974ab6b7d332625b320b33c326b1e9321382ef1999b5d56"
"checksum bitflags 1.0.3 (registry+https://github.com/rust-lang/crates.io-index)" = "d0c54bb8f454c567f21197eefcdbf5679d0bd99f2ddbe52e84c77061952e6789"
"checksum byteorder 1.2.3 (registry+https://github.com/rust-lang/crates.io-index)" = "74c0b906e9446b0a2e4f760cdb3fa4b2c48cdc6db8766a845c54b6ff063fd2e9"
"checksum cfg-if 0.1.4 (registry+https://github.com/rust-lang/crates.io-index)" = "efe5c877e17a9c717a0bf3613b2709f723202c4e4675cc8f12926ded29bcb17e"
"checksum color_quant 1.0.1 (git+https://github.com/roblabla/color_quant)" = "<none>"
"checksum gif 0.10.0 (git+https://github.com/roblabla/image-gif)" = "<none>"
"checksum lazy_static 1.0.0 (registry+https://github.com/rust-lang/crates.io-index)" = "c8f31047daa365f19be14b47c29df4f7c3b581832407daabe6ae77397619237d"
"checksum linked_list_allocator 0.6.2 (registry+https://github.com/rust-lang/crates.io-index)" = "c8ff3122438431172229f65f54f3c7eb9924a9f14e0df1895756cb19834e3b93"
"checksum log 0.4.2 (registry+https://github.com/rust-lang/crates.io-index)" = "6fddaa003a65722a7fb9e26b0ce95921fe4ba590542ced664d8ce2fa26f9f3ac"
"checksum lzw 0.10.0 (git+https://github.com/roblabla/lzw)" = "<none>"
"checksum multiboot2 0.5.0 (git+https://github.com/roblabla/multiboot2-elf64)" = "<none>"
"checksum nodrop 0.1.12 (registry+https://github.com/rust-lang/crates.io-index)" = "9a2228dca57108069a5262f2ed8bd2e82496d2e074a06d1ccc7ce1687b6ae0a2"
"checksum smallvec 0.6.2 (registry+https://github.com/rust-lang/crates.io-index)" = "312a7df010092e73d6bbaf141957e868d4f30efd2bfd9bb1028ad91abec58514"
"checksum spin 0.4.6 (registry+https://github.com/rust-lang/crates.io-index)" = "7e4deb3c2455c73779e6d3eebceae9599fc70957e54c69fe88f93aa48e62f432"
"checksum static_assertions 0.2.5 (registry+https://github.com/rust-lang/crates.io-index)" = "c19be23126415861cb3a23e501d34a708f7f9b2183c5252d690941c2e69199d5"
"checksum xmas-elf 0.6.2 (registry+https://github.com/rust-lang/crates.io-index)" = "22678df5df766e8d1e5d609da69f0c3132d794edf6ab5e75e7abcd2270d4cf58"
"checksum zero 0.1.2 (registry+https://github.com/rust-lang/crates.io-index)" = "5f1bc8a6b2005884962297587045002d8cfb8dcec9db332f4ca216ddc5de82c5"
